
Microsoft Visual Studio Solution File, Format Version 12.00
# Visual Studio Version 17
VisualStudioVersion = 17.5.33516.290
MinimumVisualStudioVersion = 10.0.40219.1
Project("{9A19103F-16F7-4668-BE54-9A1E7A4F7556}") = "KMIDI", "KMIDI\KMIDI.csproj", "{0D644634-DAD9-4595-B6F7-C0DF7675F28A}"
EndProject
Global
	GlobalSection(SolutionConfigurationPlatforms) = preSolution
		Debug|Any CPU = Debug|Any CPU
		Release|Any CPU = Release|Any CPU
	EndGlobalSection
	GlobalSection(ProjectConfigurationPlatforms) = postSolution
		{645F925A-157E-42A9-9072-F710C9FC868D}.Debug|Any CPU.ActiveCfg = Debug|Any CPU
		{645F925A-157E-42A9-9072-F710C9FC868D}.Debug|Any CPU.Build.0 = Debug|Any CPU
		{645F925A-157E-42A9-9072-F710C9FC868D}.Release|Any CPU.ActiveCfg = Release|Any CPU
		{645F925A-157E-42A9-9072-F710C9FC868D}.Release|Any CPU.Build.0 = Release|Any CPU
		{0D644634-DAD9-4595-B6F7-C0DF7675F28A}.Debug|Any CPU.ActiveCfg = Debug|Any CPU
		{0D644634-DAD9-4595-B6F7-C0DF7675F28A}.Debug|Any CPU.Build.0 = Debug|Any CPU
		{0D644634-DAD9-4595-B6F7-C0DF7675F28A}.Release|Any CPU.ActiveCfg = Release|Any CPU
		{0D644634-DAD9-4595-B6F7-C0DF7675F28A}.Release|Any CPU.Build.0 = Release|Any CPU
	EndGlobalSection
	GlobalSection(SolutionProperties) = preSolution
		HideSolutionNode = FALSE
	EndGlobalSection
	GlobalSection(ExtensibilityGlobals) = postSolution
		SolutionGuid = {ABFBC3DB-35BD-46EF-965E-33C8669825A0}
	EndGlobalSection
EndGlobal
